{
  "nodes": {
    "flakeNimbleLib": {
      "inputs": {
        "nixpkgs": [
          "nixpkgs"
        ]
      },
      "locked": {
        "lastModified": 1648105061,
        "narHash": "sha256-Je25qNlH4xrH3+m6vIq6yPvdfQ80FRTwX4JOhrRLduc=",
        "owner": "riinr",
        "repo": "nim-flakes-lib",
        "rev": "f1ec5e2f15b9f717c33b6942ce7cb344ff868522",
        "type": "github"
      },
      "original": {
        "owner": "riinr",
        "ref": "master",
        "repo": "nim-flakes-lib",
        "type": "github"
      }
    },
    "nixpkgs": {
      "locked": {
        "lastModified": 0,
        "narHash": "sha256-ajXYYTE1uoY3ei/P1v+Knklf2QNCBxMtw1gByaPTGU4=",
        "path": "/nix/store/l9gfyh4wh4yrv0m9is00x82ba0synxgb-source",
        "type": "path"
      },
      "original": {
        "id": "nixpkgs",
        "type": "indirect"
      }
    },
    "root": {
      "inputs": {
        "flakeNimbleLib": "flakeNimbleLib",
        "nixpkgs": "nixpkgs",
        "src-godot-master": "src-godot-master"
      }
    },
    "src-godot-master": {
      "flake": false,
      "locked": {
        "lastModified": 1640563388,
        "narHash": "sha256-jbnF4JZbYjzCcMREsEQAqNWFNWzQB6x5iKebTKXmU3s=",
        "owner": "pragmagic",
        "repo": "godot-nim",
        "rev": "107f30ac38cf2bfb2557e47b64d3f58bd8ad9169",
        "type": "github"
      },
      "original": {
        "owner": "pragmagic",
        "ref": "refs/heads/master",
        "repo": "godot-nim",
        "type": "github"
      }
    }
  },
  "root": "root",
  "version": 7
}
