{
  "nodes": {
    "compiler": {
      "inputs": {
        "flakeNimbleLib": [
          "flakeNimbleLib"
        ],
        "nixpkgs": [
          "nixpkgs"
        ],
        "src-compiler-v1_6_6": "src-compiler-v1_6_6"
      },
      "locked": {
        "dir": "v1_6_6",
        "lastModified": 1658205905,
        "narHash": "sha256-DAF431plrQ+I12kMGbRnifLhXqqnI5ypgpJ17xSBn+Q=",
        "owner": "nim-nix-pkgs",
        "repo": "compiler",
        "rev": "e44faa70f24ad3d56c396e54641ca838d6a269fb",
        "type": "github"
      },
      "original": {
        "dir": "v1_6_6",
        "owner": "nim-nix-pkgs",
        "ref": "master",
        "repo": "compiler",
        "type": "github"
      }
    },
    "flakeNimbleLib": {
      "inputs": {
        "nixpkgs": [
          "nixpkgs"
        ]
      },
      "locked": {
        "lastModified": 1648105061,
        "narHash": "sha256-Je25qNlH4xrH3+m6vIq6yPvdfQ80FRTwX4JOhrRLduc=",
        "owner": "riinr",
        "repo": "nim-flakes-lib",
        "rev": "f1ec5e2f15b9f717c33b6942ce7cb344ff868522",
        "type": "github"
      },
      "original": {
        "owner": "riinr",
        "ref": "master",
        "repo": "nim-flakes-lib",
        "type": "github"
      }
    },
    "nixpkgs": {
      "locked": {
        "lastModified": 0,
        "narHash": "sha256-BBeCZwZImtjP3oYy4WogkQYy5OxNyfNciVSc1AfZgLQ=",
        "path": "/nix/store/z8fi1f38y14lmsyhnph1l98qr3r9x7wr-source",
        "type": "path"
      },
      "original": {
        "id": "nixpkgs",
        "type": "indirect"
      }
    },
    "root": {
      "inputs": {
        "compiler": "compiler",
        "flakeNimbleLib": "flakeNimbleLib",
        "nixpkgs": "nixpkgs",
        "src-godot-master": "src-godot-master"
      }
    },
    "src-compiler-v1_6_6": {
      "flake": false,
      "locked": {
        "lastModified": 1651680931,
        "narHash": "sha256-1SvCdI60kryyHwt30ks0NNUjixmG/FpxmcBL4z5lktk=",
        "owner": "nim-lang",
        "repo": "Nim",
        "rev": "0565a70eab02122ce278b98181c7d1170870865c",
        "type": "github"
      },
      "original": {
        "owner": "nim-lang",
        "ref": "refs/tags/v1.6.6",
        "repo": "Nim",
        "type": "github"
      }
    },
    "src-godot-master": {
      "flake": false,
      "locked": {
        "lastModified": 1640563388,
        "narHash": "sha256-jbnF4JZbYjzCcMREsEQAqNWFNWzQB6x5iKebTKXmU3s=",
        "owner": "pragmagic",
        "repo": "godot-nim",
        "rev": "107f30ac38cf2bfb2557e47b64d3f58bd8ad9169",
        "type": "github"
      },
      "original": {
        "owner": "pragmagic",
        "ref": "refs/heads/master",
        "repo": "godot-nim",
        "type": "github"
      }
    }
  },
  "root": "root",
  "version": 7
}
